{
  "version": 4,
  "terraform_version": "1.15.5",
  "serial": 49,
  "lineage": "5b59732a-d7a0-da37-9e34-5dc9cfa899e3",
  "outputs": {
    "integer": {
      "value": 9549,
      "type": "number"
    },
    "pet_name": {
      "value": "sunny_unicorn",
      "type": "string"
    }
  },
  "resources": [
    {
      "mode": "managed",
      "type": "local_file",
      "name": "countfiles",
      "provider": "provider[\"registry.terraform.io/hashicorp/local\"]",
      "instances": [
        {
          "index_key": 0,
          "schema_version": 0,
          "attributes": {
            "content": "file created using count",
            "content_base64": null,
            "content_base64sha256": "uTWrFhjsJiB8BwAYSer7+m0bjvN586+HeLcezBS/XUE=",
            "content_base64sha512": "fTh/nJTUfbqQiN4U6AqeTi6QplF/8tbECpkkL1wJ/zvFE2EfG4q0s8CyM2lR8W3WjnPlVlsIT0Qulr8dorm5Yw==",
            "content_md5": "b000f20ea8b19618fafcc3a427bd88ff",
            "content_sha1": "10ac992ae883c4733e4999248dc6a8857f6a7823",
            "content_sha256": "b935ab1618ec26207c07001849eafbfa6d1b8ef379f3af8778b71ecc14bf5d41",
            "content_sha512": "7d387f9c94d47dba9088de14e80a9e4e2e90a6517ff2d6c40a99242f5c09ff3bc513611f1b8ab4b3c0b2336951f16dd68e73e5565b084f442e96bf1da2b9b963",
            "directory_permission": "0777",
            "file_permission": "0777",
            "filename": "./data/count0",
            "id": "10ac992ae883c4733e4999248dc6a8857f6a7823",
            "sensitive_content": null,
            "source": null
          },
          "sensitive_attributes": [
            [
              {
                "type": "get_attr",
                "value": "sensitive_content"
              }
            ]
          ],
          "identity_schema_version": 0
        },
        {
          "index_key": 1,
          "schema_version": 0,
          "attributes": {
            "content": "file created using count",
            "content_base64": null,
            "content_base64sha256": "uTWrFhjsJiB8BwAYSer7+m0bjvN586+HeLcezBS/XUE=",
            "content_base64sha512": "fTh/nJTUfbqQiN4U6AqeTi6QplF/8tbECpkkL1wJ/zvFE2EfG4q0s8CyM2lR8W3WjnPlVlsIT0Qulr8dorm5Yw==",
            "content_md5": "b000f20ea8b19618fafcc3a427bd88ff",
            "content_sha1": "10ac992ae883c4733e4999248dc6a8857f6a7823",
            "content_sha256": "b935ab1618ec26207c07001849eafbfa6d1b8ef379f3af8778b71ecc14bf5d41",
            "content_sha512": "7d387f9c94d47dba9088de14e80a9e4e2e90a6517ff2d6c40a99242f5c09ff3bc513611f1b8ab4b3c0b2336951f16dd68e73e5565b084f442e96bf1da2b9b963",
            "directory_permission": "0777",
            "file_permission": "0777",
            "filename": "./data/count1",
            "id": "10ac992ae883c4733e4999248dc6a8857f6a7823",
            "sensitive_content": null,
            "source": null
          },
          "sensitive_attributes": [
            [
              {
                "type": "get_attr",
                "value": "sensitive_content"
              }
            ]
          ],
          "identity_schema_version": 0
        },
        {
          "index_key": 2,
          "schema_version": 0,
          "attributes": {
            "content": "file created using count",
            "content_base64": null,
            "content_base64sha256": "uTWrFhjsJiB8BwAYSer7+m0bjvN586+HeLcezBS/XUE=",
            "content_base64sha512": "fTh/nJTUfbqQiN4U6AqeTi6QplF/8tbECpkkL1wJ/zvFE2EfG4q0s8CyM2lR8W3WjnPlVlsIT0Qulr8dorm5Yw==",
            "content_md5": "b000f20ea8b19618fafcc3a427bd88ff",
            "content_sha1": "10ac992ae883c4733e4999248dc6a8857f6a7823",
            "content_sha256": "b935ab1618ec26207c07001849eafbfa6d1b8ef379f3af8778b71ecc14bf5d41",
            "content_sha512": "7d387f9c94d47dba9088de14e80a9e4e2e90a6517ff2d6c40a99242f5c09ff3bc513611f1b8ab4b3c0b2336951f16dd68e73e5565b084f442e96bf1da2b9b963",
            "directory_permission": "0777",
            "file_permission": "0777",
            "filename": "./data/count2",
            "id": "10ac992ae883c4733e4999248dc6a8857f6a7823",
            "sensitive_content": null,
            "source": null
          },
          "sensitive_attributes": [
            [
              {
                "type": "get_attr",
                "value": "sensitive_content"
              }
            ]
          ],
          "identity_schema_version": 0
        }
      ]
    },
    {
      "mode": "managed",
      "type": "local_file",
      "name": "data1",
      "provider": "provider[\"registry.terraform.io/hashicorp/local\"]",
      "instances": [
        {
          "schema_version": 0,
          "attributes": {
            "content": "data1 version2",
            "content_base64": null,
            "content_base64sha256": "4wjZXsdWJjg2RNRzkR7SA0B00kAzxVyHmDLmCQHNC/U=",
            "content_base64sha512": "v9TPwMor58MHAu82LVcTp7jTPII6V4ZI2jZYkr0IEpszC8/bC4iIFx9CgUBxbcJg8d7KhcmVj1tz5LcsTy702A==",
            "content_md5": "6cc83fa9e1b9950583f907179c426be3",
            "content_sha1": "9951a2afb2e58cd215a177b80d126f870e630288",
            "content_sha256": "e308d95ec75626383644d473911ed2034074d24033c55c879832e60901cd0bf5",
            "content_sha512": "bfd4cfc0ca2be7c30702ef362d5713a7b8d33c823a578648da365892bd08129b330bcfdb0b8888171f428140716dc260f1deca85c9958f5b73e4b72c4f2ef4d8",
            "directory_permission": "0777",
            "file_permission": "0777",
            "filename": "./data/data1_v2",
            "id": "9951a2afb2e58cd215a177b80d126f870e630288",
            "sensitive_content": null,
            "source": null
          },
          "sensitive_attributes": [
            [
              {
                "type": "get_attr",
                "value": "sensitive_content"
              }
            ]
          ],
          "identity_schema_version": 0
        }
      ]
    },
    {
      "mode": "managed",
      "type": "local_file",
      "name": "datafiles",
      "provider": "provider[\"registry.terraform.io/hashicorp/local\"]",
      "instances": [
        {
          "index_key": "data1",
          "schema_version": 0,
          "attributes": {
            "content": "this is the content for data1",
            "content_base64": null,
            "content_base64sha256": "X0HJsrcdKIniF0C5fF0LkExs/NeA10b/0qxICL/UPok=",
            "content_base64sha512": "XDffSKAO7wdDmaPh0TBPg8Bkxb4HU7QIshObDBDU9oOm0s6pnLzoZza9Tc8RuNNEmXZNL/iOWOOoQlxPkzqEfQ==",
            "content_md5": "02928af33a0f2e8a3d0c941a99bfde64",
            "content_sha1": "1efc7d3d42aa486038e94772f96b2c6d73d95a3b",
            "content_sha256": "5f41c9b2b71d2889e21740b97c5d0b904c6cfcd780d746ffd2ac4808bfd43e89",
            "content_sha512": "5c37df48a00eef074399a3e1d1304f83c064c5be0753b408b2139b0c10d4f683a6d2cea99cbce86736bd4dcf11b8d34499764d2ff88e58e3a8425c4f933a847d",
            "directory_permission": "0777",
            "file_permission": "0777",
            "filename": "./data/data1",
            "id": "1efc7d3d42aa486038e94772f96b2c6d73d95a3b",
            "sensitive_content": null,
            "source": null
          },
          "sensitive_attributes": [
            [
              {
                "type": "get_attr",
                "value": "sensitive_content"
              }
            ]
          ],
          "identity_schema_version": 0
        },
        {
          "index_key": "data2",
          "schema_version": 0,
          "attributes": {
            "content": "this is the content for data2",
            "content_base64": null,
            "content_base64sha256": "pH7v1f38C4SLSWcFl8k/BnAYh0NZPyJUIjaCVyAX9VQ=",
            "content_base64sha512": "nzjsCA72VU/UkTaYPo/i//5xE0swks8KEXaLX+JOAyo8QhBc/xbJQ0faR5lHPFMGEr9z+eQ1ONJqg1hHXqTZVQ==",
            "content_md5": "1b763d0b3db9fc6438915a939d91c90c",
            "content_sha1": "588edb838bc1bd5e320bb5cbf613e89644f0091b",
            "content_sha256": "a47eefd5fdfc0b848b49670597c93f0670188743593f2254223682572017f554",
            "content_sha512": "9f38ec080ef6554fd49136983e8fe2fffe71134b3092cf0a11768b5fe24e032a3c42105cff16c94347da4799473c530612bf73f9e43538d26a8358475ea4d955",
            "directory_permission": "0777",
            "file_permission": "0777",
            "filename": "./data/data2",
            "id": "588edb838bc1bd5e320bb5cbf613e89644f0091b",
            "sensitive_content": null,
            "source": null
          },
          "sensitive_attributes": [
            [
              {
                "type": "get_attr",
                "value": "sensitive_content"
              }
            ]
          ],
          "identity_schema_version": 0
        },
        {
          "index_key": "data3",
          "schema_version": 0,
          "attributes": {
            "content": "this is the content for data3",
            "content_base64": null,
            "content_base64sha256": "f20eGqwg5ovbnF5UbnHTMEpmA1mWtEt36s05r/AG3A4=",
            "content_base64sha512": "DTESETdnvjrtlW19XdZQ7MpOpG+xjGTCtXOmeSHOQIUUMlfYkMtIYoCpY5Acw+dro0sZ5saytPbIRhxOCVKSrQ==",
            "content_md5": "c953ae221d25eda091bfc44a4d80cd76",
            "content_sha1": "094db121176b75979653a3aaa6a0cbbba51620a3",
            "content_sha256": "7f6d1e1aac20e68bdb9c5e546e71d3304a66035996b44b77eacd39aff006dc0e",
            "content_sha512": "0d3112113767be3aed956d7d5dd650ecca4ea46fb18c64c2b573a67921ce4085143257d890cb486280a963901cc3e76ba34b19e6c6b2b4f6c8461c4e095292ad",
            "directory_permission": "0777",
            "file_permission": "0777",
            "filename": "./data/data3",
            "id": "094db121176b75979653a3aaa6a0cbbba51620a3",
            "sensitive_content": null,
            "source": null
          },
          "sensitive_attributes": [
            [
              {
                "type": "get_attr",
                "value": "sensitive_content"
              }
            ]
          ],
          "identity_schema_version": 0
        }
      ]
    },
    {
      "mode": "managed",
      "type": "local_file",
      "name": "datamap",
      "provider": "provider[\"registry.terraform.io/hashicorp/local\"]",
      "instances": [
        {
          "index_key": "datafile1",
          "schema_version": 0,
          "attributes": {
            "content": "content for d1",
            "content_base64": null,
            "content_base64sha256": "u6+IDRE8BKX+3s9dMQfUTpFTbW2Sjo4C4fGpCB4QhW4=",
            "content_base64sha512": "wv7aUbr/vLELeJcwxSWp9SSAYXBoGuLW6XaVhLm+8hruLkZftcj5M2nZbNwVn2JLHvlBzt1aJucUA1MfCGrCQw==",
            "content_md5": "987534089af5be4f99278791409ccdba",
            "content_sha1": "79c6fcf1166781fea2d9ca4b4527015f0a16b604",
            "content_sha256": "bbaf880d113c04a5fedecf5d3107d44e91536d6d928e8e02e1f1a9081e10856e",
            "content_sha512": "c2feda51baffbcb10b789730c525a9f524806170681ae2d6e9769584b9bef21aee2e465fb5c8f93369d96cdc159f624b1ef941cedd5a26e71403531f086ac243",
            "directory_permission": "0777",
            "file_permission": "0777",
            "filename": "./data/datafile1",
            "id": "79c6fcf1166781fea2d9ca4b4527015f0a16b604",
            "sensitive_content": null,
            "source": null
          },
          "sensitive_attributes": [
            [
              {
                "type": "get_attr",
                "value": "sensitive_content"
              }
            ]
          ],
          "identity_schema_version": 0
        },
        {
          "index_key": "datafile2",
          "schema_version": 0,
          "attributes": {
            "content": "content for d2 shiet",
            "content_base64": null,
            "content_base64sha256": "jZ+XmIsA4idkGTVkvBiTwMiFzJMHg+bwOKIktPKfS4Q=",
            "content_base64sha512": "y4OMPD+T+nuoR/Iwt9y/0lgScp0QtkNXR3T2TshXO7MffyHuLbMA8WPWDgfM5WyJiAKxzJPOzDyTkKaNrC5ESg==",
            "content_md5": "4644f033bbdf99746adb295262cd9acd",
            "content_sha1": "8443718e490ed20254d88ecf4477bc5b3e2936c9",
            "content_sha256": "8d9f97988b00e22764193564bc1893c0c885cc930783e6f038a224b4f29f4b84",
            "content_sha512": "cb838c3c3f93fa7ba847f230b7dcbfd25812729d10b643574774f64ec8573bb31f7f21ee2db300f163d60e07cce56c898802b1cc93cecc3c9390a68dac2e444a",
            "directory_permission": "0777",
            "file_permission": "0777",
            "filename": "./data/datafile2",
            "id": "8443718e490ed20254d88ecf4477bc5b3e2936c9",
            "sensitive_content": null,
            "source": null
          },
          "sensitive_attributes": [
            [
              {
                "type": "get_attr",
                "value": "sensitive_content"
              }
            ]
          ],
          "identity_schema_version": 0
        }
      ]
    },
    {
      "mode": "managed",
      "type": "local_file",
      "name": "file1",
      "provider": "provider[\"registry.terraform.io/hashicorp/local\"]",
      "instances": [
        {
          "schema_version": 0,
          "attributes": {
            "content": "hey bitches!",
            "content_base64": null,
            "content_base64sha256": "uGqOiEaWKT5t0lk94a2Cq9yAuWKzH/hGzZIg6Sd3FAA=",
            "content_base64sha512": "tunq0kPyCMmrCGiCWfG8WSXntXDmpukN+v1UfuhEd4GM/c8oSOVOh0CKMOKkysBskDYwwg6k2eWz+CzfCCOZWQ==",
            "content_md5": "fb9d8e1ed5e867d5dd2285c7b0d61e31",
            "content_sha1": "4106f453c3801a298c6afec9d18cdaecb19729f2",
            "content_sha256": "b86a8e884696293e6dd2593de1ad82abdc80b962b31ff846cd9220e927771400",
            "content_sha512": "b6e9ead243f208c9ab08688259f1bc5925e7b570e6a6e90dfafd547ee84477818cfdcf2848e54e87408a30e2a4cac06c903630c20ea4d9e5b3f82cdf08239959",
            "directory_permission": "0777",
            "file_permission": "0777",
            "filename": "./files/filenamefromtfvars.txt",
            "id": "4106f453c3801a298c6afec9d18cdaecb19729f2",
            "sensitive_content": null,
            "source": null
          },
          "sensitive_attributes": [
            [
              {
                "type": "get_attr",
                "value": "sensitive_content"
              }
            ]
          ],
          "identity_schema_version": 0
        }
      ]
    },
    {
      "mode": "managed",
      "type": "local_file",
      "name": "random_pet_file",
      "provider": "provider[\"registry.terraform.io/hashicorp/local\"]",
      "instances": [
        {
          "schema_version": 0,
          "attributes": {
            "content": "Terraform Generated This SHIT (9549)",
            "content_base64": null,
            "content_base64sha256": "IbTspj+YL7YLv/1cwzIxjiUBf5V9p3tByRpLnu9o4C4=",
            "content_base64sha512": "0OWzNSheDez7JyAYaSxtMd7eExqM0KHRH49jstA3g30i6+iWbgoGYn8S1RztX2WMKWZTbBv7ULxaZVChvifGOg==",
            "content_md5": "5a4c57ef2d5dd3f5828ae54821f5311e",
            "content_sha1": "82c9ed7332226d30304d2eb884eae752878ef74b",
            "content_sha256": "21b4eca63f982fb60bbffd5cc332318e25017f957da77b41c91a4b9eef68e02e",
            "content_sha512": "d0e5b335285e0decfb272018692c6d31dede131a8cd0a1d11f8f63b2d037837d22ebe8966e0a06627f12d51ced5f658c2966536c1bfb50bc5a6550a1be27c63a",
            "directory_permission": "0777",
            "file_permission": "0777",
            "filename": "./files/sunny_unicorn.txt",
            "id": "82c9ed7332226d30304d2eb884eae752878ef74b",
            "sensitive_content": null,
            "source": null
          },
          "sensitive_attributes": [
            [
              {
                "type": "get_attr",
                "value": "sensitive_content"
              }
            ]
          ],
          "identity_schema_version": 0,
          "dependencies": [
            "random_integer.integer",
            "random_pet.filename"
          ]
        }
      ]
    },
    {
      "mode": "managed",
      "type": "local_file",
      "name": "timestamp_file",
      "provider": "provider[\"registry.terraform.io/hashicorp/local\"]",
      "instances": [
        {
          "schema_version": 0,
          "attributes": {
            "content": "2026-06-04T06:22:22Z",
            "content_base64": null,
            "content_base64sha256": "VBU//OOiY8V7jekeghNZ7GiRr/Q3p0D4wOTcFJcZxhk=",
            "content_base64sha512": "EWCNr7WcRBqFuHjnZ66+WGU+XOyQk9XysJnj3TJ2mHaqZFHXpGBsHbIJjeiB8+p7rrciNZBBwuDjK6BB72sYOA==",
            "content_md5": "e2bfa3e2d9e1b5a58bd790caa6e9e130",
            "content_sha1": "f62b6e32e11479aeb70a90961f8a53ff3e14ebc0",
            "content_sha256": "54153ffce3a263c57b8de91e821359ec6891aff437a740f8c0e4dc149719c619",
            "content_sha512": "11608dafb59c441a85b878e767aebe58653e5cec9093d5f2b099e3dd32769876aa6451d7a4606c1db2098de881f3ea7baeb722359041c2e0e32ba041ef6b1838",
            "directory_permission": "0777",
            "file_permission": "0777",
            "filename": "./files/timestamp",
            "id": "f62b6e32e11479aeb70a90961f8a53ff3e14ebc0",
            "sensitive_content": null,
            "source": null
          },
          "sensitive_attributes": [
            [
              {
                "type": "get_attr",
                "value": "sensitive_content"
              }
            ]
          ],
          "identity_schema_version": 0
        }
      ]
    },
    {
      "mode": "managed",
      "type": "random_integer",
      "name": "integer",
      "provider": "provider[\"registry.terraform.io/hashicorp/random\"]",
      "instances": [
        {
          "schema_version": 0,
          "attributes": {
            "id": "9549",
            "keepers": null,
            "max": 100000,
            "min": 1,
            "result": 9549,
            "seed": null
          },
          "sensitive_attributes": [],
          "identity_schema_version": 0
        }
      ]
    },
    {
      "mode": "managed",
      "type": "random_pet",
      "name": "filename",
      "provider": "provider[\"registry.terraform.io/hashicorp/random\"]",
      "instances": [
        {
          "schema_version": 0,
          "attributes": {
            "id": "sunny_unicorn",
            "keepers": null,
            "length": 2,
            "prefix": null,
            "separator": "_"
          },
          "sensitive_attributes": [],
          "identity_schema_version": 0
        }
      ]
    }
  ],
  "check_results": null
}
